{
  "version": 4,
  "terraform_version": "1.2.3",
  "serial": 39,
  "lineage": "994ea585-7b27-f15c-3ef3-102a67370d39",
  "outputs": {
    "private_ips": {
      "value": [],
      "type": [
        "list",
        "string"
      ]
    },
    "public_ips": {
      "value": [],
      "type": [
        "list",
        "string"
      ]
    },
    "web_subnets": {
      "value": [
        "subnet-0304ca79a11d68a82",
        "subnet-0486c332c8593dce9",
        "subnet-0d7aa6d4ee574627a",
        "subnet-0df7872ed772936fa"
      ],
      "type": [
        "set",
        "string"
      ]
    }
  },
  "resources": [
    {
      "module": "module.apache",
      "mode": "data",
      "type": "aws_instances",
      "name": "web",
      "provider": "provider[\"registry.terraform.io/hashicorp/aws\"]",
      "instances": [
        {
          "schema_version": 0,
          "attributes": {
            "filter": [
              {
                "name": "tag:Name",
                "values": [
                  "web_asg"
                ]
              }
            ],
            "id": "ap-northeast-2",
            "ids": [],
            "instance_state_names": null,
            "instance_tags": null,
            "private_ips": [],
            "public_ips": []
          },
          "sensitive_attributes": []
        }
      ]
    },
    {
      "module": "module.apache",
      "mode": "data",
      "type": "aws_subnet_ids",
      "name": "web_subnets",
      "provider": "provider[\"registry.terraform.io/hashicorp/aws\"]",
      "instances": [
        {
          "schema_version": 0,
          "attributes": {
            "filter": [
              {
                "name": "tag:Name",
                "values": [
                  "*Public*"
                ]
              }
            ],
            "id": "vpc-06549cc4d67ff5402",
            "ids": [
              "subnet-0304ca79a11d68a82",
              "subnet-0486c332c8593dce9",
              "subnet-0d7aa6d4ee574627a",
              "subnet-0df7872ed772936fa"
            ],
            "tags": null,
            "vpc_id": "vpc-06549cc4d67ff5402"
          },
          "sensitive_attributes": []
        }
      ]
    },
    {
      "module": "module.apache",
      "mode": "managed",
      "type": "aws_autoscaling_group",
      "name": "web_asg",
      "provider": "provider[\"registry.terraform.io/hashicorp/aws\"]",
      "instances": [
        {
          "schema_version": 0,
          "attributes": {
            "arn": "arn:aws:autoscaling:ap-northeast-2:566244261172:autoScalingGroup:029bc5eb-03ea-4453-8413-283dc0c6ae66:autoScalingGroupName/web-asg-20220624045120907200000002",
            "availability_zones": [
              "ap-northeast-2a",
              "ap-northeast-2b",
              "ap-northeast-2c",
              "ap-northeast-2d"
            ],
            "capacity_rebalance": false,
            "context": "",
            "default_cooldown": 300,
            "desired_capacity": 2,
            "enabled_metrics": [],
            "force_delete": false,
            "force_delete_warm_pool": false,
            "health_check_grace_period": 300,
            "health_check_type": "EC2",
            "id": "web-asg-20220624045120907200000002",
            "initial_lifecycle_hook": [],
            "instance_refresh": [],
            "launch_configuration": "web-lc-20220624065234685700000001",
            "launch_template": [],
            "load_balancers": [],
            "max_instance_lifetime": 0,
            "max_size": 10,
            "metrics_granularity": "1Minute",
            "min_elb_capacity": null,
            "min_size": 1,
            "mixed_instances_policy": [],
            "name": "web-asg-20220624045120907200000002",
            "name_prefix": "web-asg-",
            "placement_group": "",
            "protect_from_scale_in": false,
            "service_linked_role_arn": "arn:aws:iam::566244261172:role/aws-service-role/autoscaling.amazonaws.com/AWSServiceRoleForAutoScaling",
            "suspended_processes": [],
            "tag": [
              {
                "key": "Name",
                "propagate_at_launch": true,
                "value": "web-asg"
              }
            ],
            "tags": null,
            "target_group_arns": [],
            "termination_policies": [],
            "timeouts": null,
            "vpc_zone_identifier": [
              "subnet-0304ca79a11d68a82",
              "subnet-0486c332c8593dce9",
              "subnet-0d7aa6d4ee574627a",
              "subnet-0df7872ed772936fa"
            ],
            "wait_for_capacity_timeout": "10m",
            "wait_for_elb_capacity": null,
            "warm_pool": []
          },
          "sensitive_attributes": [],
          "private": "eyJlMmJmYjczMC1lY2FhLTExZTYtOGY4OC0zNDM2M2JjN2M0YzAiOnsiZGVsZXRlIjo2MDAwMDAwMDAwMDAsInVwZGF0ZSI6NjAwMDAwMDAwMDAwfX0=",
          "dependencies": [
            "module.apache.aws_launch_configuration.web_lc",
            "module.apache.aws_security_group.web_sg",
            "module.apache.data.aws_subnet_ids.web_subnets"
          ],
          "create_before_destroy": true
        }
      ]
    },
    {
      "module": "module.apache",
      "mode": "managed",
      "type": "aws_launch_configuration",
      "name": "web_lc",
      "provider": "provider[\"registry.terraform.io/hashicorp/aws\"]",
      "instances": [
        {
          "schema_version": 0,
          "attributes": {
            "arn": "arn:aws:autoscaling:ap-northeast-2:566244261172:launchConfiguration:a30e8b95-f8a8-4df0-ab72-62e742891dd3:launchConfigurationName/web-lc-20220624065234685700000001",
            "associate_public_ip_address": false,
            "ebs_block_device": [
              {
                "delete_on_termination": true,
                "device_name": "/dev/xvdb",
                "encrypted": false,
                "iops": 0,
                "no_device": false,
                "snapshot_id": "",
                "throughput": 0,
                "volume_size": 10,
                "volume_type": "gp2"
              },
              {
                "delete_on_termination": true,
                "device_name": "/dev/xvdc",
                "encrypted": false,
                "iops": 0,
                "no_device": false,
                "snapshot_id": "",
                "throughput": 0,
                "volume_size": 10,
                "volume_type": "gp2"
              }
            ],
            "ebs_optimized": false,
            "enable_monitoring": true,
            "ephemeral_block_device": [],
            "iam_instance_profile": "",
            "id": "web-lc-20220624065234685700000001",
            "image_id": "ami-0e4a9ad2eb120e054",
            "instance_type": "t2.micro",
            "key_name": "",
            "metadata_options": [],
            "name": "web-lc-20220624065234685700000001",
            "name_prefix": "web-lc-",
            "placement_tenancy": "",
            "root_block_device": [],
            "security_groups": [
              "sg-0e35a89df9169832b"
            ],
            "spot_price": "",
            "user_data": "57cac7d348f869011b6dbb6fb25025ed44a6b94f",
            "user_data_base64": null,
            "vpc_classic_link_id": "",
            "vpc_classic_link_security_groups": null
          },
          "sensitive_attributes": [],
          "private": "bnVsbA==",
          "dependencies": [
            "module.apache.aws_security_group.web_sg"
          ],
          "create_before_destroy": true
        }
      ]
    },
    {
      "module": "module.apache",
      "mode": "managed",
      "type": "aws_security_group",
      "name": "web_sg",
      "provider": "provider[\"registry.terraform.io/hashicorp/aws\"]",
      "instances": [
        {
          "schema_version": 1,
          "attributes": {
            "arn": "arn:aws:ec2:ap-northeast-2:566244261172:security-group/sg-0e35a89df9169832b",
            "description": "Managed by Terraform",
            "egress": [
              {
                "cidr_blocks": [
                  "0.0.0.0/0"
                ],
                "description": "",
                "from_port": 0,
                "ipv6_cidr_blocks": [],
                "prefix_list_ids": [],
                "protocol": "-1",
                "security_groups": [],
                "self": false,
                "to_port": 0
              }
            ],
            "id": "sg-0e35a89df9169832b",
            "ingress": [
              {
                "cidr_blocks": [
                  "0.0.0.0/0"
                ],
                "description": "http",
                "from_port": 80,
                "ipv6_cidr_blocks": [],
                "prefix_list_ids": [],
                "protocol": "tcp",
                "security_groups": [],
                "self": false,
                "to_port": 80
              }
            ],
            "name": "web-sg",
            "name_prefix": "",
            "owner_id": "566244261172",
            "revoke_rules_on_delete": false,
            "tags": {
              "Name": "web-sg"
            },
            "tags_all": {
              "Name": "web-sg"
            },
            "timeouts": null,
            "vpc_id": "vpc-06549cc4d67ff5402"
          },
          "sensitive_attributes": [],
          "private": "eyJlMmJmYjczMC1lY2FhLTExZTYtOGY4OC0zNDM2M2JjN2M0YzAiOnsiY3JlYXRlIjo2MDAwMDAwMDAwMDAsImRlbGV0ZSI6OTAwMDAwMDAwMDAwfSwic2NoZW1hX3ZlcnNpb24iOiIxIn0=",
          "create_before_destroy": true
        }
      ]
    }
  ]
}
